// !$*UTF8*$!
{
	archiveVersion = 1;
	classes = {
	};
	objectVersion = 48;
	objects = {

/* Begin PBXBuildFile section */
		69DDC708203074A8007C582E /* AppDelegate.swift in Sources */ = {isa = PBXBuildFile; fileRef = 69DDC707203074A8007C582E /* AppDelegate.swift */; };
		69DDC70A203074A8007C582E /* ViewController.swift in Sources */ = {isa = PBXBuildFile; fileRef = 69DDC709203074A8007C582E /* ViewController.swift */; };
		69DDC70D203074A8007C582E /* Main.storyboard in Resources */ = {isa = PBXBuildFile; fileRef = 69DDC70B203074A8007C582E /* Main.storyboard */; };
		69DDC710203074A8007C582E /* ad.xcdatamodeld in Sources */ = {isa = PBXBuildFile; fileRef = 69DDC70E203074A8007C582E /* ad.xcdatamodeld */; };
		69DDC712203074A8007C582E /* Assets.xcassets in Resources */ = {isa = PBXBuildFile; fileRef = 69DDC711203074A8007C582E /* Assets.xcassets */; };
		69DDC715203074A8007C582E /* LaunchScreen.storyboard in Resources */ = {isa = PBXBuildFile; fileRef = 69DDC713203074A8007C582E /* LaunchScreen.storyboard */; };
		F002E3526873084D5C5B23F1 /* Pods_ad.framework in Frameworks */ = {isa = PBXBuildFile; fileRef = 0BFCA4208CDB05A704DC2004 /* Pods_ad.framework */; };
/* End PBXBuildFile section */

/* Begin PBXFileReference section */
		0BFCA4208CDB05A704DC2004 /* Pods_ad.framework */ = {isa = PBXFileReference; explicitFileType = wrapper.framework; includeInIndex = 0; path = Pods_ad.framework; sourceTree = BUILT_PRODUCTS_DIR; };
		69DDC704203074A8007C582E /* ad.app */ = {isa = PBXFileReference; explicitFileType = wrapper.application; includeInIndex = 0; path = ad.app; sourceTree = BUILT_PRODUCTS_DIR; };
		69DDC707203074A8007C582E /* AppDelegate.swift */ = {isa = PBXFileReference; lastKnownFileType = sourcecode.swift; path = AppDelegate.swift; sourceTree = "<group>"; };
		69DDC709203074A8007C582E /* ViewController.swift */ = {isa = PBXFileReference; lastKnownFileType = sourcecode.swift; path = ViewController.swift; sourceTree = "<group>"; };
		69DDC70C203074A8007C582E /* Base */ = {isa = PBXFileReference; lastKnownFileType = file.storyboard; name = Base; path = Base.lproj/Main.storyboard; sourceTree = "<group>"; };
		69DDC70F203074A8007C582E /* ad.xcdatamodel */ = {isa = PBXFileReference; lastKnownFileType = wrapper.xcdatamodel; path = ad.xcdatamodel; sourceTree = "<group>"; };
		69DDC711203074A8007C582E /* Assets.xcassets */ = {isa = PBXFileReference; lastKnownFileType = folder.assetcatalog; path = Assets.xcassets; sourceTree = "<group>"; };
		69DDC714203074A8007C582E /* Base */ = {isa = PBXFileReference; lastKnownFileType = file.storyboard; name = Base; path = Base.lproj/LaunchScreen.storyboard; sourceTree = "<group>"; };
		69DDC716203074A8007C582E /* Info.plist */ = {isa = PBXFileReference; lastKnownFileType = text.plist.xml; path = Info.plist; sourceTree = "<group>"; };
		74E5EFAECD094E546C2350D4 /* Pods-ad.debug.xcconfig */ = {isa = PBXFileReference; includeInIndex = 1; lastKnownFileType = text.xcconfig; name = "Pods-ad.debug.xcconfig"; path = "Pods/Target Support Files/Pods-ad/Pods-ad.debug.xcconfig"; sourceTree = "<group>"; };
		ADB5AE61A8331963C92BB9F5 /* Pods-ad.release.xcconfig */ = {isa = PBXFileReference; includeInIndex = 1; lastKnownFileType = text.xcconfig; name = "Pods-ad.release.xcconfig"; path = "Pods/Target Support Files/Pods-ad/Pods-ad.release.xcconfig"; sourceTree = "<group>"; };
/* End PBXFileReference section */

/* Begin PBXFrameworksBuildPhase section */
		69DDC701203074A7007C582E /* Frameworks */ = {
			isa = PBXFrameworksBuildPhase;
			buildActionMask = 2147483647;
			files = (
				F002E3526873084D5C5B23F1 /* Pods_ad.framework in Frameworks */,
			);
			runOnlyForDeploymentPostprocessing = 0;
		};
/* End PBXFrameworksBuildPhase section */

/* Begin PBXGroup section */
		663C0BD43F6575C952F52044 /* Frameworks */ = {
			isa = PBXGroup;
			children = (
				0BFCA4208CDB05A704DC2004 /* Pods_ad.framework */,
			);
			name = Frameworks;
			sourceTree = "<group>";
		};
		69DDC6FB203074A7007C582E = {
			isa = PBXGroup;
			children = (
				69DDC706203074A8007C582E /* ad */,
				69DDC705203074A8007C582E /* Products */,
				B590CD236A5B146BD17E3C03 /* Pods */,
				663C0BD43F6575C952F52044 /* Frameworks */,
			);
			sourceTree = "<group>";
		};
		69DDC705203074A8007C582E /* Products */ = {
			isa = PBXGroup;
			children = (
				69DDC704203074A8007C582E /* ad.app */,
			);
			name = Products;
			sourceTree = "<group>";
		};
		69DDC706203074A8007C582E /* ad */ = {
			isa = PBXGroup;
			children = (
				69DDC707203074A8007C582E /* AppDelegate.swift */,
				69DDC709203074A8007C582E /* ViewController.swift */,
				69DDC70B203074A8007C582E /* Main.storyboard */,
				69DDC711203074A8007C582E /* Assets.xcassets */,
				69DDC713203074A8007C582E /* LaunchScreen.storyboard */,
				69DDC716203074A8007C582E /* Info.plist */,
				69DDC70E203074A8007C582E /* ad.xcdatamodeld */,
			);
			path = ad;
			sourceTree = "<group>";
		};
		B590CD236A5B146BD17E3C03 /* Pods */ = {
			isa = PBXGroup;
			children = (
				74E5EFAECD094E546C2350D4 /* Pods-ad.debug.xcconfig */,
				ADB5AE61A8331963C92BB9F5 /* Pods-ad.release.xcconfig */,
			);
			name = Pods;
			sourceTree = "<group>";
		};
/* End PBXGroup section */

/* Begin PBXNativeTarget section */
		69DDC703203074A7007C582E /* ad */ = {
			isa = PBXNativeTarget;
			buildConfigurationList = 69DDC719203074A8007C582E /* Build configuration list for PBXNativeTarget "ad" */;
			buildPhases = (
				5A94ACEDD0C3A762A1EB7CFE /* [CP] Check Pods Manifest.lock */,
				69DDC700203074A7007C582E /* Sources */,
				69DDC701203074A7007C582E /* Frameworks */,
				69DDC702203074A7007C582E /* Resources */,
				905F66B6E310F5755E3CFE66 /* [CP] Embed Pods Frameworks */,
				13F7F7359BF401D54370CF5C /* [CP] Copy Pods Resources */,
			);
			buildRules = (
			);
			dependencies = (
			);
			name = ad;
			productName = ad;
			productReference = 69DDC704203074A8007C582E /* ad.app */;
			productType = "com.apple.product-type.application";
		};
/* End PBXNativeTarget section */

/* Begin PBXProject section */
		69DDC6FC203074A7007C582E /* Project object */ = {
			isa = PBXProject;
			attributes = {
				LastSwiftUpdateCheck = 0900;
				LastUpgradeCheck = 0900;
				ORGANIZATIONNAME = AliceChang;
				TargetAttributes = {
					69DDC703203074A7007C582E = {
						CreatedOnToolsVersion = 9.0;
						ProvisioningStyle = Automatic;
					};
				};
			};
			buildConfigurationList = 69DDC6FF203074A7007C582E /* Build configuration list for PBXProject "ad" */;
			compatibilityVersion = "Xcode 8.0";
			developmentRegion = en;
			hasScannedForEncodings = 0;
			knownRegions = (
				en,
				Base,
			);
			mainGroup = 69DDC6FB203074A7007C582E;
			productRefGroup = 69DDC705203074A8007C582E /* Products */;
			projectDirPath = "";
			projectRoot = "";
			targets = (
				69DDC703203074A7007C582E /* ad */,
			);
		};
/* End PBXProject section */

/* Begin PBXResourcesBuildPhase section */
		69DDC702203074A7007C582E /* Resources */ = {
			isa = PBXResourcesBuildPhase;
			buildActionMask = 2147483647;
			files = (
				69DDC715203074A8007C582E /* LaunchScreen.storyboard in Resources */,
				69DDC712203074A8007C582E /* Assets.xcassets in Resources */,
				69DDC70D203074A8007C582E /* Main.storyboard in Resources */,
			);
			runOnlyForDeploymentPostprocessing = 0;
		};
/* End PBXResourcesBuildPhase section */

/* Begin PBXShellScriptBuildPhase section */
		13F7F7359BF401D54370CF5C /* [CP] Copy Pods Resources */ = {
			isa = PBXShellScriptBuildPhase;
			buildActionMask = 2147483647;
			files = (
			);
			inputPaths = (
			);
			name = "[CP] Copy Pods Resources";
			outputPaths = (
			);
			runOnlyForDeploymentPostprocessing = 0;
			shellPath = /bin/sh;
			shellScript = "\"${SRCROOT}/Pods/Target Support Files/Pods-ad/Pods-ad-resources.sh\"\n";
			showEnvVarsInLog = 0;
		};
		5A94ACEDD0C3A762A1EB7CFE /* [CP] Check Pods Manifest.lock */ = {
			isa = PBXShellScriptBuildPhase;
			buildActionMask = 2147483647;
			files = (
			);
			inputPaths = (
				"${PODS_PODFILE_DIR_PATH}/Podfile.lock",
				"${PODS_ROOT}/Manifest.lock",
			);
			name = "[CP] Check Pods Manifest.lock";
			outputPaths = (
				"$(DERIVED_FILE_DIR)/Pods-ad-checkManifestLockResult.txt",
			);
			runOnlyForDeploymentPostprocessing = 0;
			shellPath = /bin/sh;
			shellScript = "diff \"${PODS_PODFILE_DIR_PATH}/Podfile.lock\" \"${PODS_ROOT}/Manifest.lock\" > /dev/null\nif [ $? != 0 ] ; then\n    # print error to STDERR\n    echo \"error: The sandbox is not in sync with the Podfile.lock. Run 'pod install' or update your CocoaPods installation.\" >&2\n    exit 1\nfi\n# This output is used by Xcode 'outputs' to avoid re-running this script phase.\necho \"SUCCESS\" > \"${SCRIPT_OUTPUT_FILE_0}\"\n";
			showEnvVarsInLog = 0;
		};
		905F66B6E310F5755E3CFE66 /* [CP] Embed Pods Frameworks */ = {
			isa = PBXShellScriptBuildPhase;
			buildActionMask = 2147483647;
			files = (
			);
			inputPaths = (
			);
			name = "[CP] Embed Pods Frameworks";
			outputPaths = (
			);
			runOnlyForDeploymentPostprocessing = 0;
			shellPath = /bin/sh;
			shellScript = "\"${SRCROOT}/Pods/Target Support Files/Pods-ad/Pods-ad-frameworks.sh\"\n";
			showEnvVarsInLog = 0;
		};
/* End PBXShellScriptBuildPhase section */

/* Begin PBXSourcesBuildPhase section */
		69DDC700203074A7007C582E /* Sources */ = {
			isa = PBXSourcesBuildPhase;
			buildActionMask = 2147483647;
			files = (
				69DDC710203074A8007C582E /* ad.xcdatamodeld in Sources */,
				69DDC70A203074A8007C582E /* ViewController.swift in Sources */,
				69DDC708203074A8007C582E /* AppDelegate.swift in Sources */,
			);
			runOnlyForDeploymentPostprocessing = 0;
		};
/* End PBXSourcesBuildPhase section */

/* Begin PBXVariantGroup section */
		69DDC70B203074A8007C582E /* Main.storyboard */ = {
			isa = PBXVariantGroup;
			children = (
				69DDC70C203074A8007C582E /* Base */,
			);
			name = Main.storyboard;
			sourceTree = "<group>";
		};
		69DDC713203074A8007C582E /* LaunchScreen.storyboard */ = {
			isa = PBXVariantGroup;
			children = (
				69DDC714203074A8007C582E /* Base */,
			);
			name = LaunchScreen.storyboard;
			sourceTree = "<group>";
		};
/* End PBXVariantGroup section */

/* Begin XCBuildConfiguration section */
		69DDC717203074A8007C582E /* Debug */ = {
			isa = XCBuildConfiguration;
			buildSettings = {
				ALWAYS_SEARCH_USER_PATHS = NO;
				CLANG_ANALYZER_NONNULL = YES;
				CLANG_ANALYZER_NUMBER_OBJECT_CONVERSION = YES_AGGRESSIVE;
				CLANG_CXX_LANGUAGE_STANDARD = "gnu++14";
				CLANG_CXX_LIBRARY = "libc++";
				CLANG_ENABLE_MODULES = YES;
				CLANG_ENABLE_OBJC_ARC = YES;
				CLANG_WARN_BLOCK_CAPTURE_AUTORELEASING = YES;
				CLANG_WARN_BOOL_CONVERSION = YES;
				CLANG_WARN_COMMA = YES;
				CLANG_WARN_CONSTANT_CONVERSION = YES;
				CLANG_WARN_DIRECT_OBJC_ISA_USAGE = YES_ERROR;
				CLANG_WARN_DOCUMENTATION_COMMENTS = YES;
				CLANG_WARN_EMPTY_BODY = YES;
				CLANG_WARN_ENUM_CONVERSION = YES;
				CLANG_WARN_INFINITE_RECURSION = YES;
				CLANG_WARN_INT_CONVERSION = YES;
				CLANG_WARN_NON_LITERAL_NULL_CONVERSION = YES;
				CLANG_WARN_OBJC_LITERAL_CONVERSION = YES;
				CLANG_WARN_OBJC_ROOT_CLASS = YES_ERROR;
				CLANG_WARN_RANGE_LOOP_ANALYSIS = YES;
				CLANG_WARN_STRICT_PROTOTYPES = YES;
				CLANG_WARN_SUSPICIOUS_MOVE = YES;
				CLANG_WARN_UNGUARDED_AVAILABILITY = YES_AGGRESSIVE;
				CLANG_WARN_UNREACHABLE_CODE = YES;
				CLANG_WARN__DUPLICATE_METHOD_MATCH = YES;
				CODE_SIGN_IDENTITY = "iPhone Developer";
				COPY_PHASE_STRIP = NO;
				DEBUG_INFORMATION_FORMAT = dwarf;
				ENABLE_STRICT_OBJC_MSGSEND = YES;
				ENABLE_TESTABILITY = YES;
				GCC_C_LANGUAGE_STANDARD = gnu11;
				GCC_DYNAMIC_NO_PIC = NO;
				GCC_NO_COMMON_BLOCKS = YES;
				GCC_OPTIMIZATION_LEVEL = 0;
				GCC_PREPROCESSOR_DEFINITIONS = (
					"DEBUG=1",
					"$(inherited)",
				);
				GCC_WARN_64_TO_32_BIT_CONVERSION = YES;
				GCC_WARN_ABOUT_RETURN_TYPE = YES_ERROR;
				GCC_WARN_UNDECLARED_SELECTOR = YES;
				GCC_WARN_UNINITIALIZED_AUTOS = YES_AGGRESSIVE;
				GCC_WARN_UNUSED_FUNCTION = YES;
				GCC_WARN_UNUSED_VARIABLE = YES;
				IPHONEOS_DEPLOYMENT_TARGET = 11.0;
				MTL_ENABLE_DEBUG_INFO = YES;
				ONLY_ACTIVE_ARCH = YES;
				SDKROOT = iphoneos;
				SWIFT_ACTIVE_COMPILATION_CONDITIONS = DEBUG;
				SWIFT_OPTIMIZATION_LEVEL = "-Onone";
			};
			name = Debug;
		};
		69DDC718203074A8007C582E /* Release */ = {
			isa = XCBuildConfiguration;
			buildSettings = {
				ALWAYS_SEARCH_USER_PATHS = NO;
				CLANG_ANALYZER_NONNULL = YES;
				CLANG_ANALYZER_NUMBER_OBJECT_CONVERSION = YES_AGGRESSIVE;
				CLANG_CXX_LANGUAGE_STANDARD = "gnu++14";
				CLANG_CXX_LIBRARY = "libc++";
				CLANG_ENABLE_MODULES = YES;
				CLANG_ENABLE_OBJC_ARC = YES;
				CLANG_WARN_BLOCK_CAPTURE_AUTORELEASING = YES;
				CLANG_WARN_BOOL_CONVERSION = YES;
				CLANG_WARN_COMMA = YES;
				CLANG_WARN_CONSTANT_CONVERSION = YES;
				CLANG_WARN_DIRECT_OBJC_ISA_USAGE = YES_ERROR;
				CLANG_WARN_DOCUMENTATION_COMMENTS = YES;
				CLANG_WARN_EMPTY_BODY = YES;
				CLANG_WARN_ENUM_CONVERSION = YES;
				CLANG_WARN_INFINITE_RECURSION = YES;
				CLANG_WARN_INT_CONVERSION = YES;
				CLANG_WARN_NON_LITERAL_NULL_CONVERSION = YES;
				CLANG_WARN_OBJC_LITERAL_CONVERSION = YES;
				CLANG_WARN_OBJC_ROOT_CLASS = YES_ERROR;
				CLANG_WARN_RANGE_LOOP_ANALYSIS = YES;
				CLANG_WARN_STRICT_PROTOTYPES = YES;
				CLANG_WARN_SUSPICIOUS_MOVE = YES;
				CLANG_WARN_UNGUARDED_AVAILABILITY = YES_AGGRESSIVE;
				CLANG_WARN_UNREACHABLE_CODE = YES;
				CLANG_WARN__DUPLICATE_METHOD_MATCH = YES;
				CODE_SIGN_IDENTITY = "iPhone Developer";
				COPY_PHASE_STRIP = NO;
				DEBUG_INFORMATION_FORMAT = "dwarf-with-dsym";
				ENABLE_NS_ASSERTIONS = NO;
				ENABLE_STRICT_OBJC_MSGSEND = YES;
				GCC_C_LANGUAGE_STANDARD = gnu11;
				GCC_NO_COMMON_BLOCKS = YES;
				GCC_WARN_64_TO_32_BIT_CONVERSION = YES;
				GCC_WARN_ABOUT_RETURN_TYPE = YES_ERROR;
				GCC_WARN_UNDECLARED_SELECTOR = YES;
				GCC_WARN_UNINITIALIZED_AUTOS = YES_AGGRESSIVE;
				GCC_WARN_UNUSED_FUNCTION = YES;
				GCC_WARN_UNUSED_VARIABLE = YES;
				IPHONEOS_DEPLOYMENT_TARGET = 11.0;
				MTL_ENABLE_DEBUG_INFO = NO;
				SDKROOT = iphoneos;
				SWIFT_OPTIMIZATION_LEVEL = "-Owholemodule";
				VALIDATE_PRODUCT = YES;
			};
			name = Release;
		};
		69DDC71A203074A8007C582E /* Debug */ = {
			isa = XCBuildConfiguration;
			baseConfigurationReference = 74E5EFAECD094E546C2350D4 /* Pods-ad.debug.xcconfig */;
			buildSettings = {
				ASSETCATALOG_COMPILER_APPICON_NAME = AppIcon;
				CODE_SIGN_STYLE = Automatic;
				DEVELOPMENT_TEAM = CHZWYBA9N7;
				INFOPLIST_FILE = ad/Info.plist;
				LD_RUNPATH_SEARCH_PATHS = "$(inherited) @executable_path/Frameworks";
				PRODUCT_BUNDLE_IDENTIFIER = com.AliceChang.ad;
				PRODUCT_NAME = "$(TARGET_NAME)";
				SWIFT_VERSION = 4.0;
				TARGETED_DEVICE_FAMILY = "1,2";
			};
			name = Debug;
		};
		69DDC71B203074A8007C582E /* Release */ = {
			isa = XCBuildConfiguration;
			baseConfigurationReference = ADB5AE61A8331963C92BB9F5 /* Pods-ad.release.xcconfig */;
			buildSettings = {
				ASSETCATALOG_COMPILER_APPICON_NAME = AppIcon;
				CODE_SIGN_STYLE = Automatic;
				DEVELOPMENT_TEAM = CHZWYBA9N7;
				INFOPLIST_FILE = ad/Info.plist;
				LD_RUNPATH_SEARCH_PATHS = "$(inherited) @executable_path/Frameworks";
				PRODUCT_BUNDLE_IDENTIFIER = com.AliceChang.ad;
				PRODUCT_NAME = "$(TARGET_NAME)";
				SWIFT_VERSION = 4.0;
				TARGETED_DEVICE_FAMILY = "1,2";
			};
			name = Release;
		};
/* End XCBuildConfiguration section */

/* Begin XCConfigurationList section */
		69DDC6FF203074A7007C582E /* Build configuration list for PBXProject "ad" */ = {
			isa = XCConfigurationList;
			buildConfigurations = (
				69DDC717203074A8007C582E /* Debug */,
				69DDC718203074A8007C582E /* Release */,
			);
			defaultConfigurationIsVisible = 0;
			defaultConfigurationName = Release;
		};
		69DDC719203074A8007C582E /* Build configuration list for PBXNativeTarget "ad" */ = {
			isa = XCConfigurationList;
			buildConfigurations = (
				69DDC71A203074A8007C582E /* Debug */,
				69DDC71B203074A8007C582E /* Release */,
			);
			defaultConfigurationIsVisible = 0;
			defaultConfigurationName = Release;
		};
/* End XCConfigurationList section */

/* Begin XCVersionGroup section */
		69DDC70E203074A8007C582E /* ad.xcdatamodeld */ = {
			isa = XCVersionGroup;
			children = (
				69DDC70F203074A8007C582E /* ad.xcdatamodel */,
			);
			currentVersion = 69DDC70F203074A8007C582E /* ad.xcdatamodel */;
			path = ad.xcdatamodeld;
			sourceTree = "<group>";
			versionGroupType = wrapper.xcdatamodel;
		};
/* End XCVersionGroup section */
	};
	rootObject = 69DDC6FC203074A7007C582E /* Project object */;
}
